// !$*UTF8*$!
{
	archiveVersion = 1;
	classes = {
	};
	objectVersion = 46;
	objects = {

/* Begin PBXBuildFile section */
		26F2ED9884ED6473DD3139FC /* Pods_Kerbal_Campaigns.framework in Frameworks */ = {isa = PBXBuildFile; fileRef = B68D47B4F23220C818CCDC53 /* Pods_Kerbal_Campaigns.framework */; };
		500DC3521F6C7E6D00D85C36 /* Campaign.swift in Sources */ = {isa = PBXBuildFile; fileRef = 500DC3511F6C7E6D00D85C36 /* Campaign.swift */; };
		500DC3541F6C823300D85C36 /* Mission.swift in Sources */ = {isa = PBXBuildFile; fileRef = 500DC3531F6C823300D85C36 /* Mission.swift */; };
		500DC3561F6C97BB00D85C36 /* Task.swift in Sources */ = {isa = PBXBuildFile; fileRef = 500DC3551F6C97BB00D85C36 /* Task.swift */; };
		500DC3581F6C9B9100D85C36 /* KerbalManager.swift in Sources */ = {isa = PBXBuildFile; fileRef = 500DC3571F6C9B9100D85C36 /* KerbalManager.swift */; };
		50159A491F6A10E3004D2AFE /* AppDelegate.swift in Sources */ = {isa = PBXBuildFile; fileRef = 50159A481F6A10E3004D2AFE /* AppDelegate.swift */; };
		50159A4E1F6A10E3004D2AFE /* Main.storyboard in Resources */ = {isa = PBXBuildFile; fileRef = 50159A4C1F6A10E3004D2AFE /* Main.storyboard */; };
		50159A501F6A10E3004D2AFE /* Assets.xcassets in Resources */ = {isa = PBXBuildFile; fileRef = 50159A4F1F6A10E3004D2AFE /* Assets.xcassets */; };
		50159A531F6A10E3004D2AFE /* LaunchScreen.storyboard in Resources */ = {isa = PBXBuildFile; fileRef = 50159A511F6A10E3004D2AFE /* LaunchScreen.storyboard */; };
		50159A5B1F6A9615004D2AFE /* GoogleService-Info.plist in Resources */ = {isa = PBXBuildFile; fileRef = 50159A5A1F6A9615004D2AFE /* GoogleService-Info.plist */; };
		50159A611F6A9781004D2AFE /* MainViewController.swift in Sources */ = {isa = PBXBuildFile; fileRef = 50159A601F6A9781004D2AFE /* MainViewController.swift */; };
		50159A631F6AA20C004D2AFE /* CampaignCell.swift in Sources */ = {isa = PBXBuildFile; fileRef = 50159A621F6AA20C004D2AFE /* CampaignCell.swift */; };
		A32143AE1F8115FA00E4B40E /* Constants.swift in Sources */ = {isa = PBXBuildFile; fileRef = A32143AD1F8115FA00E4B40E /* Constants.swift */; };
		A32143B01F81384D00E4B40E /* UserDefaults.swift in Sources */ = {isa = PBXBuildFile; fileRef = A32143AF1F81384D00E4B40E /* UserDefaults.swift */; };
		A32143B21F81411A00E4B40E /* SubTask.swift in Sources */ = {isa = PBXBuildFile; fileRef = A32143B11F81411A00E4B40E /* SubTask.swift */; };
		A32143B71F819C8E00E4B40E /* Dialogs.swift in Sources */ = {isa = PBXBuildFile; fileRef = A32143B51F819C8E00E4B40E /* Dialogs.swift */; };
		A32143B81F819C8E00E4B40E /* LoadingView.swift in Sources */ = {isa = PBXBuildFile; fileRef = A32143B61F819C8E00E4B40E /* LoadingView.swift */; };
		A32143BA1F81A06500E4B40E /* CampaignViewController.swift in Sources */ = {isa = PBXBuildFile; fileRef = A32143B91F81A06500E4B40E /* CampaignViewController.swift */; };
		A32143BC1F830CFC00E4B40E /* MissionsViewController.swift in Sources */ = {isa = PBXBuildFile; fileRef = A32143BB1F830CFC00E4B40E /* MissionsViewController.swift */; };
		A32143BE1F8314EB00E4B40E /* TasksViewController.swift in Sources */ = {isa = PBXBuildFile; fileRef = A32143BD1F8314EB00E4B40E /* TasksViewController.swift */; };
		A32143C01F85AEE400E4B40E /* CheckboxView.swift in Sources */ = {isa = PBXBuildFile; fileRef = A32143BF1F85AEE400E4B40E /* CheckboxView.swift */; };
		A32143C21F85BC0000E4B40E /* Dimensions.swift in Sources */ = {isa = PBXBuildFile; fileRef = A32143C11F85BC0000E4B40E /* Dimensions.swift */; };
		A32143C41F8A669200E4B40E /* ProgressBarView.swift in Sources */ = {isa = PBXBuildFile; fileRef = A32143C31F8A669200E4B40E /* ProgressBarView.swift */; };
		A32143C81F8A6C9200E4B40E /* Colors.swift in Sources */ = {isa = PBXBuildFile; fileRef = A32143C71F8A6C9200E4B40E /* Colors.swift */; };
/* End PBXBuildFile section */

/* Begin PBXFileReference section */
		4B36AD62655BC360AD83699A /* Pods-Kerbal Campaigns.release.xcconfig */ = {isa = PBXFileReference; includeInIndex = 1; lastKnownFileType = text.xcconfig; name = "Pods-Kerbal Campaigns.release.xcconfig"; path = "Pods/Target Support Files/Pods-Kerbal Campaigns/Pods-Kerbal Campaigns.release.xcconfig"; sourceTree = "<group>"; };
		500DC3511F6C7E6D00D85C36 /* Campaign.swift */ = {isa = PBXFileReference; fileEncoding = 4; lastKnownFileType = sourcecode.swift; name = Campaign.swift; path = Models/Bean/Campaign.swift; sourceTree = "<group>"; };
		500DC3531F6C823300D85C36 /* Mission.swift */ = {isa = PBXFileReference; fileEncoding = 4; lastKnownFileType = sourcecode.swift; name = Mission.swift; path = Models/Bean/Mission.swift; sourceTree = "<group>"; };
		500DC3551F6C97BB00D85C36 /* Task.swift */ = {isa = PBXFileReference; fileEncoding = 4; lastKnownFileType = sourcecode.swift; name = Task.swift; path = Models/Bean/Task.swift; sourceTree = "<group>"; };
		500DC3571F6C9B9100D85C36 /* KerbalManager.swift */ = {isa = PBXFileReference; fileEncoding = 4; lastKnownFileType = sourcecode.swift; name = KerbalManager.swift; path = Models/KerbalManager.swift; sourceTree = "<group>"; };
		50159A451F6A10E3004D2AFE /* Kerbal Campaigns.app */ = {isa = PBXFileReference; explicitFileType = wrapper.application; includeInIndex = 0; path = "Kerbal Campaigns.app"; sourceTree = BUILT_PRODUCTS_DIR; };
		50159A481F6A10E3004D2AFE /* AppDelegate.swift */ = {isa = PBXFileReference; lastKnownFileType = sourcecode.swift; path = AppDelegate.swift; sourceTree = "<group>"; };
		50159A4D1F6A10E3004D2AFE /* Base */ = {isa = PBXFileReference; lastKnownFileType = file.storyboard; name = Base; path = Base.lproj/Main.storyboard; sourceTree = "<group>"; };
		50159A4F1F6A10E3004D2AFE /* Assets.xcassets */ = {isa = PBXFileReference; lastKnownFileType = folder.assetcatalog; path = Assets.xcassets; sourceTree = "<group>"; };
		50159A521F6A10E3004D2AFE /* Base */ = {isa = PBXFileReference; lastKnownFileType = file.storyboard; name = Base; path = Base.lproj/LaunchScreen.storyboard; sourceTree = "<group>"; };
		50159A541F6A10E3004D2AFE /* Info.plist */ = {isa = PBXFileReference; lastKnownFileType = text.plist.xml; path = Info.plist; sourceTree = "<group>"; };
		50159A5A1F6A9615004D2AFE /* GoogleService-Info.plist */ = {isa = PBXFileReference; fileEncoding = 4; lastKnownFileType = text.plist.xml; path = "GoogleService-Info.plist"; sourceTree = "<group>"; };
		50159A601F6A9781004D2AFE /* MainViewController.swift */ = {isa = PBXFileReference; fileEncoding = 4; lastKnownFileType = sourcecode.swift; name = MainViewController.swift; path = Controllers/MainViewController.swift; sourceTree = "<group>"; };
		50159A621F6AA20C004D2AFE /* CampaignCell.swift */ = {isa = PBXFileReference; fileEncoding = 4; lastKnownFileType = sourcecode.swift; name = CampaignCell.swift; path = Views/CampaignCell.swift; sourceTree = "<group>"; };
		885F942720452827A5AD4452 /* Pods-Kerbal Campaigns.debug.xcconfig */ = {isa = PBXFileReference; includeInIndex = 1; lastKnownFileType = text.xcconfig; name = "Pods-Kerbal Campaigns.debug.xcconfig"; path = "Pods/Target Support Files/Pods-Kerbal Campaigns/Pods-Kerbal Campaigns.debug.xcconfig"; sourceTree = "<group>"; };
		A32143AD1F8115FA00E4B40E /* Constants.swift */ = {isa = PBXFileReference; fileEncoding = 4; lastKnownFileType = sourcecode.swift; name = Constants.swift; path = Models/Constants.swift; sourceTree = "<group>"; };
		A32143AF1F81384D00E4B40E /* UserDefaults.swift */ = {isa = PBXFileReference; fileEncoding = 4; lastKnownFileType = sourcecode.swift; name = UserDefaults.swift; path = Models/UserDefaults.swift; sourceTree = "<group>"; };
		A32143B11F81411A00E4B40E /* SubTask.swift */ = {isa = PBXFileReference; fileEncoding = 4; lastKnownFileType = sourcecode.swift; name = SubTask.swift; path = Models/Bean/SubTask.swift; sourceTree = "<group>"; };
		A32143B51F819C8E00E4B40E /* Dialogs.swift */ = {isa = PBXFileReference; fileEncoding = 4; lastKnownFileType = sourcecode.swift; name = Dialogs.swift; path = Views/Dialogs.swift; sourceTree = "<group>"; };
		A32143B61F819C8E00E4B40E /* LoadingView.swift */ = {isa = PBXFileReference; fileEncoding = 4; lastKnownFileType = sourcecode.swift; name = LoadingView.swift; path = Views/LoadingView.swift; sourceTree = "<group>"; };
		A32143B91F81A06500E4B40E /* CampaignViewController.swift */ = {isa = PBXFileReference; fileEncoding = 4; lastKnownFileType = sourcecode.swift; name = CampaignViewController.swift; path = Controllers/CampaignViewController.swift; sourceTree = "<group>"; };
		A32143BB1F830CFC00E4B40E /* MissionsViewController.swift */ = {isa = PBXFileReference; fileEncoding = 4; lastKnownFileType = sourcecode.swift; name = MissionsViewController.swift; path = Controllers/MissionsViewController.swift; sourceTree = "<group>"; };
		A32143BD1F8314EB00E4B40E /* TasksViewController.swift */ = {isa = PBXFileReference; fileEncoding = 4; lastKnownFileType = sourcecode.swift; name = TasksViewController.swift; path = Controllers/TasksViewController.swift; sourceTree = "<group>"; };
		A32143BF1F85AEE400E4B40E /* CheckboxView.swift */ = {isa = PBXFileReference; fileEncoding = 4; lastKnownFileType = sourcecode.swift; name = CheckboxView.swift; path = Views/CheckboxView.swift; sourceTree = "<group>"; };
		A32143C11F85BC0000E4B40E /* Dimensions.swift */ = {isa = PBXFileReference; fileEncoding = 4; lastKnownFileType = sourcecode.swift; path = Dimensions.swift; sourceTree = "<group>"; };
		A32143C31F8A669200E4B40E /* ProgressBarView.swift */ = {isa = PBXFileReference; fileEncoding = 4; lastKnownFileType = sourcecode.swift; name = ProgressBarView.swift; path = Views/ProgressBarView.swift; sourceTree = "<group>"; };
		A32143C71F8A6C9200E4B40E /* Colors.swift */ = {isa = PBXFileReference; fileEncoding = 4; lastKnownFileType = sourcecode.swift; path = Colors.swift; sourceTree = "<group>"; };
		B68D47B4F23220C818CCDC53 /* Pods_Kerbal_Campaigns.framework */ = {isa = PBXFileReference; explicitFileType = wrapper.framework; includeInIndex = 0; path = Pods_Kerbal_Campaigns.framework; sourceTree = BUILT_PRODUCTS_DIR; };
/* End PBXFileReference section */

/* Begin PBXFrameworksBuildPhase section */
		50159A421F6A10E3004D2AFE /* Frameworks */ = {
			isa = PBXFrameworksBuildPhase;
			buildActionMask = 2147483647;
			files = (
				26F2ED9884ED6473DD3139FC /* Pods_Kerbal_Campaigns.framework in Frameworks */,
			);
			runOnlyForDeploymentPostprocessing = 0;
		};
/* End PBXFrameworksBuildPhase section */

/* Begin PBXGroup section */
		42A078125315E82E01207105 /* Frameworks */ = {
			isa = PBXGroup;
			children = (
				B68D47B4F23220C818CCDC53 /* Pods_Kerbal_Campaigns.framework */,
			);
			name = Frameworks;
			sourceTree = "<group>";
		};
		500DC3501F6C7E5A00D85C36 /* Bean */ = {
			isa = PBXGroup;
			children = (
				500DC3511F6C7E6D00D85C36 /* Campaign.swift */,
				500DC3531F6C823300D85C36 /* Mission.swift */,
				500DC3551F6C97BB00D85C36 /* Task.swift */,
				A32143B11F81411A00E4B40E /* SubTask.swift */,
			);
			name = Bean;
			sourceTree = "<group>";
		};
		50159A3C1F6A10E3004D2AFE = {
			isa = PBXGroup;
			children = (
				50159A471F6A10E3004D2AFE /* Kerbal Campaigns */,
				50159A461F6A10E3004D2AFE /* Products */,
				C9955D59659349AD09D57115 /* Pods */,
				42A078125315E82E01207105 /* Frameworks */,
			);
			sourceTree = "<group>";
		};
		50159A461F6A10E3004D2AFE /* Products */ = {
			isa = PBXGroup;
			children = (
				50159A451F6A10E3004D2AFE /* Kerbal Campaigns.app */,
			);
			name = Products;
			sourceTree = "<group>";
		};
		50159A471F6A10E3004D2AFE /* Kerbal Campaigns */ = {
			isa = PBXGroup;
			children = (
				50159A5D1F6A9722004D2AFE /* Controllers */,
				50159A5E1F6A972D004D2AFE /* Models */,
				50159A5F1F6A9733004D2AFE /* Views */,
				50159A5C1F6A9622004D2AFE /* Resources */,
				50159A5A1F6A9615004D2AFE /* GoogleService-Info.plist */,
				50159A541F6A10E3004D2AFE /* Info.plist */,
				50159A481F6A10E3004D2AFE /* AppDelegate.swift */,
			);
			path = "Kerbal Campaigns";
			sourceTree = "<group>";
		};
		50159A5C1F6A9622004D2AFE /* Resources */ = {
			isa = PBXGroup;
			children = (
				50159A4C1F6A10E3004D2AFE /* Main.storyboard */,
				50159A4F1F6A10E3004D2AFE /* Assets.xcassets */,
				50159A511F6A10E3004D2AFE /* LaunchScreen.storyboard */,
				A32143C71F8A6C9200E4B40E /* Colors.swift */,
				A32143C11F85BC0000E4B40E /* Dimensions.swift */,
			);
			name = Resources;
			sourceTree = "<group>";
		};
		50159A5D1F6A9722004D2AFE /* Controllers */ = {
			isa = PBXGroup;
			children = (
				A32143B91F81A06500E4B40E /* CampaignViewController.swift */,
				50159A601F6A9781004D2AFE /* MainViewController.swift */,
				A32143BB1F830CFC00E4B40E /* MissionsViewController.swift */,
				A32143BD1F8314EB00E4B40E /* TasksViewController.swift */,
			);
			name = Controllers;
			sourceTree = "<group>";
		};
		50159A5E1F6A972D004D2AFE /* Models */ = {
			isa = PBXGroup;
			children = (
				500DC3501F6C7E5A00D85C36 /* Bean */,
				A32143AD1F8115FA00E4B40E /* Constants.swift */,
				500DC3571F6C9B9100D85C36 /* KerbalManager.swift */,
				A32143AF1F81384D00E4B40E /* UserDefaults.swift */,
			);
			name = Models;
			sourceTree = "<group>";
		};
		50159A5F1F6A9733004D2AFE /* Views */ = {
			isa = PBXGroup;
			children = (
				50159A621F6AA20C004D2AFE /* CampaignCell.swift */,
				A32143BF1F85AEE400E4B40E /* CheckboxView.swift */,
				A32143C31F8A669200E4B40E /* ProgressBarView.swift */,
				A32143B51F819C8E00E4B40E /* Dialogs.swift */,
				A32143B61F819C8E00E4B40E /* LoadingView.swift */,
			);
			name = Views;
			sourceTree = "<group>";
		};
		C9955D59659349AD09D57115 /* Pods */ = {
			isa = PBXGroup;
			children = (
				885F942720452827A5AD4452 /* Pods-Kerbal Campaigns.debug.xcconfig */,
				4B36AD62655BC360AD83699A /* Pods-Kerbal Campaigns.release.xcconfig */,
			);
			name = Pods;
			sourceTree = "<group>";
		};
/* End PBXGroup section */

/* Begin PBXNativeTarget section */
		50159A441F6A10E3004D2AFE /* Kerbal Campaigns */ = {
			isa = PBXNativeTarget;
			buildConfigurationList = 50159A571F6A10E3004D2AFE /* Build configuration list for PBXNativeTarget "Kerbal Campaigns" */;
			buildPhases = (
				22F1A235C3B6FFDF9F1361B3 /* [CP] Check Pods Manifest.lock */,
				50159A411F6A10E3004D2AFE /* Sources */,
				50159A421F6A10E3004D2AFE /* Frameworks */,
				50159A431F6A10E3004D2AFE /* Resources */,
				955B32BDC095BF100F1FAE1A /* [CP] Embed Pods Frameworks */,
				EB9A0A87B14AE4D8B13D481F /* [CP] Copy Pods Resources */,
			);
			buildRules = (
			);
			dependencies = (
			);
			name = "Kerbal Campaigns";
			productName = "Kerbal Campaigns";
			productReference = 50159A451F6A10E3004D2AFE /* Kerbal Campaigns.app */;
			productType = "com.apple.product-type.application";
		};
/* End PBXNativeTarget section */

/* Begin PBXProject section */
		50159A3D1F6A10E3004D2AFE /* Project object */ = {
			isa = PBXProject;
			attributes = {
				LastSwiftUpdateCheck = 0830;
				LastUpgradeCheck = 0830;
				ORGANIZATIONNAME = "Simas Team";
				TargetAttributes = {
					50159A441F6A10E3004D2AFE = {
						CreatedOnToolsVersion = 8.3.1;
						ProvisioningStyle = Automatic;
					};
				};
			};
			buildConfigurationList = 50159A401F6A10E3004D2AFE /* Build configuration list for PBXProject "Kerbal Campaigns" */;
			compatibilityVersion = "Xcode 3.2";
			developmentRegion = English;
			hasScannedForEncodings = 0;
			knownRegions = (
				en,
				Base,
			);
			mainGroup = 50159A3C1F6A10E3004D2AFE;
			productRefGroup = 50159A461F6A10E3004D2AFE /* Products */;
			projectDirPath = "";
			projectRoot = "";
			targets = (
				50159A441F6A10E3004D2AFE /* Kerbal Campaigns */,
			);
		};
/* End PBXProject section */

/* Begin PBXResourcesBuildPhase section */
		50159A431F6A10E3004D2AFE /* Resources */ = {
			isa = PBXResourcesBuildPhase;
			buildActionMask = 2147483647;
			files = (
				50159A531F6A10E3004D2AFE /* LaunchScreen.storyboard in Resources */,
				50159A5B1F6A9615004D2AFE /* GoogleService-Info.plist in Resources */,
				50159A501F6A10E3004D2AFE /* Assets.xcassets in Resources */,
				50159A4E1F6A10E3004D2AFE /* Main.storyboard in Resources */,
			);
			runOnlyForDeploymentPostprocessing = 0;
		};
/* End PBXResourcesBuildPhase section */

/* Begin PBXShellScriptBuildPhase section */
		22F1A235C3B6FFDF9F1361B3 /* [CP] Check Pods Manifest.lock */ = {
			isa = PBXShellScriptBuildPhase;
			buildActionMask = 2147483647;
			files = (
			);
			inputPaths = (
				"${PODS_PODFILE_DIR_PATH}/Podfile.lock",
				"${PODS_ROOT}/Manifest.lock",
			);
			name = "[CP] Check Pods Manifest.lock";
			outputPaths = (
				"$(DERIVED_FILE_DIR)/Pods-Kerbal Campaigns-checkManifestLockResult.txt",
			);
			runOnlyForDeploymentPostprocessing = 0;
			shellPath = /bin/sh;
			shellScript = "diff \"${PODS_PODFILE_DIR_PATH}/Podfile.lock\" \"${PODS_ROOT}/Manifest.lock\" > /dev/null\nif [ $? != 0 ] ; then\n    # print error to STDERR\n    echo \"error: The sandbox is not in sync with the Podfile.lock. Run 'pod install' or update your CocoaPods installation.\" >&2\n    exit 1\nfi\n# This output is used by Xcode 'outputs' to avoid re-running this script phase.\necho \"SUCCESS\" > \"${SCRIPT_OUTPUT_FILE_0}\"\n";
			showEnvVarsInLog = 0;
		};
		955B32BDC095BF100F1FAE1A /* [CP] Embed Pods Frameworks */ = {
			isa = PBXShellScriptBuildPhase;
			buildActionMask = 2147483647;
			files = (
			);
			inputPaths = (
				"${SRCROOT}/Pods/Target Support Files/Pods-Kerbal Campaigns/Pods-Kerbal Campaigns-frameworks.sh",
				"${BUILT_PRODUCTS_DIR}/BEMCheckBox/BEMCheckBox.framework",
				"${BUILT_PRODUCTS_DIR}/GoogleToolboxForMac/GoogleToolboxForMac.framework",
				"${BUILT_PRODUCTS_DIR}/Realm/Realm.framework",
				"${BUILT_PRODUCTS_DIR}/RealmSwift/RealmSwift.framework",
				"${BUILT_PRODUCTS_DIR}/SnapKit/SnapKit.framework",
				"${BUILT_PRODUCTS_DIR}/SnapKitten/SnapKitten.framework",
				"${BUILT_PRODUCTS_DIR}/SwiftyUserDefaults/SwiftyUserDefaults.framework",
				"${BUILT_PRODUCTS_DIR}/leveldb-library/leveldb.framework",
				"${BUILT_PRODUCTS_DIR}/nanopb/nanopb.framework",
			);
			name = "[CP] Embed Pods Frameworks";
			outputPaths = (
				"${TARGET_BUILD_DIR}/${FRAMEWORKS_FOLDER_PATH}/BEMCheckBox.framework",
				"${TARGET_BUILD_DIR}/${FRAMEWORKS_FOLDER_PATH}/GoogleToolboxForMac.framework",
				"${TARGET_BUILD_DIR}/${FRAMEWORKS_FOLDER_PATH}/Realm.framework",
				"${TARGET_BUILD_DIR}/${FRAMEWORKS_FOLDER_PATH}/RealmSwift.framework",
				"${TARGET_BUILD_DIR}/${FRAMEWORKS_FOLDER_PATH}/SnapKit.framework",
				"${TARGET_BUILD_DIR}/${FRAMEWORKS_FOLDER_PATH}/SnapKitten.framework",
				"${TARGET_BUILD_DIR}/${FRAMEWORKS_FOLDER_PATH}/SwiftyUserDefaults.framework",
				"${TARGET_BUILD_DIR}/${FRAMEWORKS_FOLDER_PATH}/leveldb.framework",
				"${TARGET_BUILD_DIR}/${FRAMEWORKS_FOLDER_PATH}/nanopb.framework",
			);
			runOnlyForDeploymentPostprocessing = 0;
			shellPath = /bin/sh;
			shellScript = "\"${SRCROOT}/Pods/Target Support Files/Pods-Kerbal Campaigns/Pods-Kerbal Campaigns-frameworks.sh\"\n";
			showEnvVarsInLog = 0;
		};
		EB9A0A87B14AE4D8B13D481F /* [CP] Copy Pods Resources */ = {
			isa = PBXShellScriptBuildPhase;
			buildActionMask = 2147483647;
			files = (
			);
			inputPaths = (
			);
			name = "[CP] Copy Pods Resources";
			outputPaths = (
			);
			runOnlyForDeploymentPostprocessing = 0;
			shellPath = /bin/sh;
			shellScript = "\"${SRCROOT}/Pods/Target Support Files/Pods-Kerbal Campaigns/Pods-Kerbal Campaigns-resources.sh\"\n";
			showEnvVarsInLog = 0;
		};
/* End PBXShellScriptBuildPhase section */

/* Begin PBXSourcesBuildPhase section */
		50159A411F6A10E3004D2AFE /* Sources */ = {
			isa = PBXSourcesBuildPhase;
			buildActionMask = 2147483647;
			files = (
				A32143B71F819C8E00E4B40E /* Dialogs.swift in Sources */,
				50159A491F6A10E3004D2AFE /* AppDelegate.swift in Sources */,
				A32143BE1F8314EB00E4B40E /* TasksViewController.swift in Sources */,
				A32143C21F85BC0000E4B40E /* Dimensions.swift in Sources */,
				500DC3521F6C7E6D00D85C36 /* Campaign.swift in Sources */,
				50159A611F6A9781004D2AFE /* MainViewController.swift in Sources */,
				A32143B21F81411A00E4B40E /* SubTask.swift in Sources */,
				A32143B81F819C8E00E4B40E /* LoadingView.swift in Sources */,
				500DC3541F6C823300D85C36 /* Mission.swift in Sources */,
				500DC3561F6C97BB00D85C36 /* Task.swift in Sources */,
				A32143B01F81384D00E4B40E /* UserDefaults.swift in Sources */,
				A32143C41F8A669200E4B40E /* ProgressBarView.swift in Sources */,
				A32143C81F8A6C9200E4B40E /* Colors.swift in Sources */,
				50159A631F6AA20C004D2AFE /* CampaignCell.swift in Sources */,
				500DC3581F6C9B9100D85C36 /* KerbalManager.swift in Sources */,
				A32143BC1F830CFC00E4B40E /* MissionsViewController.swift in Sources */,
				A32143AE1F8115FA00E4B40E /* Constants.swift in Sources */,
				A32143BA1F81A06500E4B40E /* CampaignViewController.swift in Sources */,
				A32143C01F85AEE400E4B40E /* CheckboxView.swift in Sources */,
			);
			runOnlyForDeploymentPostprocessing = 0;
		};
/* End PBXSourcesBuildPhase section */

/* Begin PBXVariantGroup section */
		50159A4C1F6A10E3004D2AFE /* Main.storyboard */ = {
			isa = PBXVariantGroup;
			children = (
				50159A4D1F6A10E3004D2AFE /* Base */,
			);
			name = Main.storyboard;
			sourceTree = "<group>";
		};
		50159A511F6A10E3004D2AFE /* LaunchScreen.storyboard */ = {
			isa = PBXVariantGroup;
			children = (
				50159A521F6A10E3004D2AFE /* Base */,
			);
			name = LaunchScreen.storyboard;
			sourceTree = "<group>";
		};
/* End PBXVariantGroup section */

/* Begin XCBuildConfiguration section */
		50159A551F6A10E3004D2AFE /* Debug */ = {
			isa = XCBuildConfiguration;
			buildSettings = {
				ALWAYS_SEARCH_USER_PATHS = NO;
				CLANG_ANALYZER_NONNULL = YES;
				CLANG_ANALYZER_NUMBER_OBJECT_CONVERSION = YES_AGGRESSIVE;
				CLANG_CXX_LANGUAGE_STANDARD = "gnu++0x";
				CLANG_CXX_LIBRARY = "libc++";
				CLANG_ENABLE_MODULES = YES;
				CLANG_ENABLE_OBJC_ARC = YES;
				CLANG_WARN_BOOL_CONVERSION = YES;
				CLANG_WARN_CONSTANT_CONVERSION = YES;
				CLANG_WARN_DIRECT_OBJC_ISA_USAGE = YES_ERROR;
				CLANG_WARN_DOCUMENTATION_COMMENTS = YES;
				CLANG_WARN_EMPTY_BODY = YES;
				CLANG_WARN_ENUM_CONVERSION = YES;
				CLANG_WARN_INFINITE_RECURSION = YES;
				CLANG_WARN_INT_CONVERSION = YES;
				CLANG_WARN_OBJC_ROOT_CLASS = YES_ERROR;
				CLANG_WARN_SUSPICIOUS_MOVE = YES;
				CLANG_WARN_UNREACHABLE_CODE = YES;
				CLANG_WARN__DUPLICATE_METHOD_MATCH = YES;
				"CODE_SIGN_IDENTITY[sdk=iphoneos*]" = "iPhone Developer";
				COPY_PHASE_STRIP = NO;
				DEBUG_INFORMATION_FORMAT = dwarf;
				ENABLE_STRICT_OBJC_MSGSEND = YES;
				ENABLE_TESTABILITY = YES;
				GCC_C_LANGUAGE_STANDARD = gnu99;
				GCC_DYNAMIC_NO_PIC = NO;
				GCC_NO_COMMON_BLOCKS = YES;
				GCC_OPTIMIZATION_LEVEL = 0;
				GCC_PREPROCESSOR_DEFINITIONS = (
					"DEBUG=1",
					"$(inherited)",
				);
				GCC_WARN_64_TO_32_BIT_CONVERSION = YES;
				GCC_WARN_ABOUT_RETURN_TYPE = YES_ERROR;
				GCC_WARN_UNDECLARED_SELECTOR = YES;
				GCC_WARN_UNINITIALIZED_AUTOS = YES_AGGRESSIVE;
				GCC_WARN_UNUSED_FUNCTION = YES;
				GCC_WARN_UNUSED_VARIABLE = YES;
				IPHONEOS_DEPLOYMENT_TARGET = 10.3;
				MTL_ENABLE_DEBUG_INFO = YES;
				ONLY_ACTIVE_ARCH = YES;
				SDKROOT = iphoneos;
				SWIFT_ACTIVE_COMPILATION_CONDITIONS = DEBUG;
				SWIFT_OPTIMIZATION_LEVEL = "-Onone";
				TARGETED_DEVICE_FAMILY = "1,2";
			};
			name = Debug;
		};
		50159A561F6A10E3004D2AFE /* Release */ = {
			isa = XCBuildConfiguration;
			buildSettings = {
				ALWAYS_SEARCH_USER_PATHS = NO;
				CLANG_ANALYZER_NONNULL = YES;
				CLANG_ANALYZER_NUMBER_OBJECT_CONVERSION = YES_AGGRESSIVE;
				CLANG_CXX_LANGUAGE_STANDARD = "gnu++0x";
				CLANG_CXX_LIBRARY = "libc++";
				CLANG_ENABLE_MODULES = YES;
				CLANG_ENABLE_OBJC_ARC = YES;
				CLANG_WARN_BOOL_CONVERSION = YES;
				CLANG_WARN_CONSTANT_CONVERSION = YES;
				CLANG_WARN_DIRECT_OBJC_ISA_USAGE = YES_ERROR;
				CLANG_WARN_DOCUMENTATION_COMMENTS = YES;
				CLANG_WARN_EMPTY_BODY = YES;
				CLANG_WARN_ENUM_CONVERSION = YES;
				CLANG_WARN_INFINITE_RECURSION = YES;
				CLANG_WARN_INT_CONVERSION = YES;
				CLANG_WARN_OBJC_ROOT_CLASS = YES_ERROR;
				CLANG_WARN_SUSPICIOUS_MOVE = YES;
				CLANG_WARN_UNREACHABLE_CODE = YES;
				CLANG_WARN__DUPLICATE_METHOD_MATCH = YES;
				"CODE_SIGN_IDENTITY[sdk=iphoneos*]" = "iPhone Developer";
				COPY_PHASE_STRIP = NO;
				DEBUG_INFORMATION_FORMAT = "dwarf-with-dsym";
				ENABLE_NS_ASSERTIONS = NO;
				ENABLE_STRICT_OBJC_MSGSEND = YES;
				GCC_C_LANGUAGE_STANDARD = gnu99;
				GCC_NO_COMMON_BLOCKS = YES;
				GCC_WARN_64_TO_32_BIT_CONVERSION = YES;
				GCC_WARN_ABOUT_RETURN_TYPE = YES_ERROR;
				GCC_WARN_UNDECLARED_SELECTOR = YES;
				GCC_WARN_UNINITIALIZED_AUTOS = YES_AGGRESSIVE;
				GCC_WARN_UNUSED_FUNCTION = YES;
				GCC_WARN_UNUSED_VARIABLE = YES;
				IPHONEOS_DEPLOYMENT_TARGET = 10.3;
				MTL_ENABLE_DEBUG_INFO = NO;
				SDKROOT = iphoneos;
				SWIFT_OPTIMIZATION_LEVEL = "-Owholemodule";
				TARGETED_DEVICE_FAMILY = "1,2";
				VALIDATE_PRODUCT = YES;
			};
			name = Release;
		};
		50159A581F6A10E3004D2AFE /* Debug */ = {
			isa = XCBuildConfiguration;
			baseConfigurationReference = 885F942720452827A5AD4452 /* Pods-Kerbal Campaigns.debug.xcconfig */;
			buildSettings = {
				ASSETCATALOG_COMPILER_APPICON_NAME = AppIcon;
				INFOPLIST_FILE = "Kerbal Campaigns/Info.plist";
				LD_RUNPATH_SEARCH_PATHS = "$(inherited) @executable_path/Frameworks";
				PRODUCT_BUNDLE_IDENTIFIER = "com.simasteam.Kerbal-Campaigns";
				PRODUCT_NAME = "$(TARGET_NAME)";
				SWIFT_VERSION = 3.0;
			};
			name = Debug;
		};
		50159A591F6A10E3004D2AFE /* Release */ = {
			isa = XCBuildConfiguration;
			baseConfigurationReference = 4B36AD62655BC360AD83699A /* Pods-Kerbal Campaigns.release.xcconfig */;
			buildSettings = {
				ASSETCATALOG_COMPILER_APPICON_NAME = AppIcon;
				INFOPLIST_FILE = "Kerbal Campaigns/Info.plist";
				LD_RUNPATH_SEARCH_PATHS = "$(inherited) @executable_path/Frameworks";
				PRODUCT_BUNDLE_IDENTIFIER = "com.simasteam.Kerbal-Campaigns";
				PRODUCT_NAME = "$(TARGET_NAME)";
				SWIFT_VERSION = 3.0;
			};
			name = Release;
		};
/* End XCBuildConfiguration section */

/* Begin XCConfigurationList section */
		50159A401F6A10E3004D2AFE /* Build configuration list for PBXProject "Kerbal Campaigns" */ = {
			isa = XCConfigurationList;
			buildConfigurations = (
				50159A551F6A10E3004D2AFE /* Debug */,
				50159A561F6A10E3004D2AFE /* Release */,
			);
			defaultConfigurationIsVisible = 0;
			defaultConfigurationName = Release;
		};
		50159A571F6A10E3004D2AFE /* Build configuration list for PBXNativeTarget "Kerbal Campaigns" */ = {
			isa = XCConfigurationList;
			buildConfigurations = (
				50159A581F6A10E3004D2AFE /* Debug */,
				50159A591F6A10E3004D2AFE /* Release */,
			);
			defaultConfigurationIsVisible = 0;
			defaultConfigurationName = Release;
		};
/* End XCConfigurationList section */
	};
	rootObject = 50159A3D1F6A10E3004D2AFE /* Project object */;
}
